
Microsoft Visual Studio Solution File, Format Version 12.00
# Visual Studio 15
VisualStudioVersion = 15.0.26430.16
MinimumVisualStudioVersion = 10.0.40219.1
Project("{FAE04EC0-301F-11D3-BF4B-00C04F79EFBC}") = "ArmyEditor", "TestForm1\ArmyEditor.csproj", "{17BCA7A7-BB1D-49E1-8890-7E5651163F0F}"
EndProject
Global
	GlobalSection(SolutionConfigurationPlatforms) = preSolution
		Debug|Any CPU = Debug|Any CPU
		Debug|x86 = Debug|x86
		Release|Any CPU = Release|Any CPU
		Release|x86 = Release|x86
	EndGlobalSection
	GlobalSection(ProjectConfigurationPlatforms) = postSolution
		{17BCA7A7-BB1D-49E1-8890-7E5651163F0F}.Debug|Any CPU.ActiveCfg = Debug|Any CPU
		{17BCA7A7-BB1D-49E1-8890-7E5651163F0F}.Debug|Any CPU.Build.0 = Debug|Any CPU
		{17BCA7A7-BB1D-49E1-8890-7E5651163F0F}.Debug|x86.ActiveCfg = Debug|Any CPU
		{17BCA7A7-BB1D-49E1-8890-7E5651163F0F}.Debug|x86.Build.0 = Debug|Any CPU
		{17BCA7A7-BB1D-49E1-8890-7E5651163F0F}.Release|Any CPU.ActiveCfg = Release|Any CPU
		{17BCA7A7-BB1D-49E1-8890-7E5651163F0F}.Release|Any CPU.Build.0 = Release|Any CPU
		{17BCA7A7-BB1D-49E1-8890-7E5651163F0F}.Release|x86.ActiveCfg = Release|Any CPU
		{17BCA7A7-BB1D-49E1-8890-7E5651163F0F}.Release|x86.Build.0 = Release|Any CPU
	EndGlobalSection
	GlobalSection(SolutionProperties) = preSolution
		HideSolutionNode = FALSE
	EndGlobalSection
EndGlobal
